
Microsoft Visual Studio Solution File, Format Version 12.00
# Visual Studio 15
VisualStudioVersion = 15.0.27130.2020
MinimumVisualStudioVersion = 10.0.40219.1
Project("{FAE04EC0-301F-11D3-BF4B-00C04F79EFBC}") = "InheritanceAndPolymorphismPractice", "InheritanceAndPolymorphismPractice\InheritanceAndPolymorphismPractice.csproj", "{1A79F306-2D3A-4A1F-B32C-BCF5AAF04E03}"
EndProject
Global
	GlobalSection(SolutionConfigurationPlatforms) = preSolution
		Debug|Any CPU = Debug|Any CPU
		Release|Any CPU = Release|Any CPU
	EndGlobalSection
	GlobalSection(ProjectConfigurationPlatforms) = postSolution
		{1A79F306-2D3A-4A1F-B32C-BCF5AAF04E03}.Debug|Any CPU.ActiveCfg = Debug|Any CPU
		{1A79F306-2D3A-4A1F-B32C-BCF5AAF04E03}.Debug|Any CPU.Build.0 = Debug|Any CPU
		{1A79F306-2D3A-4A1F-B32C-BCF5AAF04E03}.Release|Any CPU.ActiveCfg = Release|Any CPU
		{1A79F306-2D3A-4A1F-B32C-BCF5AAF04E03}.Release|Any CPU.Build.0 = Release|Any CPU
	EndGlobalSection
	GlobalSection(SolutionProperties) = preSolution
		HideSolutionNode = FALSE
	EndGlobalSection
	GlobalSection(ExtensibilityGlobals) = postSolution
		SolutionGuid = {BB97A979-08ED-4F91-BC67-562001A8EE0E}
	EndGlobalSection
EndGlobal
